
Microsoft Visual Studio Solution File, Format Version 12.00
# Visual Studio Version 16
VisualStudioVersion = 16.0.29001.49
MinimumVisualStudioVersion = 10.0.40219.1
Project("{8BC9CEB8-8B4A-11D0-8D11-00A0C91BC942}") = "Sandbox", "Sandbox\Sandbox.vcxproj", "{0F2BE7E3-2C59-4BCE-8CC6-266DB1C18CAC}"
EndProject
Project("{8BC9CEB8-8B4A-11D0-8D11-00A0C91BC942}") = "Hazel", "Hazel\Hazel.vcxproj", "{2025F3ED-036F-4042-ABC6-3720D7EAC0DC}"
EndProject
Global
	GlobalSection(SolutionConfigurationPlatforms) = preSolution
		Debug|x64 = Debug|x64
		Release|x64 = Release|x64
	EndGlobalSection
	GlobalSection(ProjectConfigurationPlatforms) = postSolution
		{0F2BE7E3-2C59-4BCE-8CC6-266DB1C18CAC}.Debug|x64.ActiveCfg = Debug|x64
		{0F2BE7E3-2C59-4BCE-8CC6-266DB1C18CAC}.Debug|x64.Build.0 = Debug|x64
		{0F2BE7E3-2C59-4BCE-8CC6-266DB1C18CAC}.Release|x64.ActiveCfg = Release|x64
		{0F2BE7E3-2C59-4BCE-8CC6-266DB1C18CAC}.Release|x64.Build.0 = Release|x64
		{2025F3ED-036F-4042-ABC6-3720D7EAC0DC}.Debug|x64.ActiveCfg = Debug|x64
		{2025F3ED-036F-4042-ABC6-3720D7EAC0DC}.Debug|x64.Build.0 = Debug|x64
		{2025F3ED-036F-4042-ABC6-3720D7EAC0DC}.Release|x64.ActiveCfg = Release|x64
		{2025F3ED-036F-4042-ABC6-3720D7EAC0DC}.Release|x64.Build.0 = Release|x64
	EndGlobalSection
	GlobalSection(SolutionProperties) = preSolution
		HideSolutionNode = FALSE
	EndGlobalSection
	GlobalSection(ExtensibilityGlobals) = postSolution
		SolutionGuid = {D3627843-B592-4092-BB74-BC170A9C3933}
	EndGlobalSection
EndGlobal
